
Microsoft Visual Studio Solution File, Format Version 12.00
# Visual Studio Version 17
VisualStudioVersion = 17.0.31919.166
MinimumVisualStudioVersion = 10.0.40219.1
Project("{FAE04EC0-301F-11D3-BF4B-00C04F79EFBC}") = "JuanJoseHernandez", "JuanJoseHernandez\JuanJoseHernandez.csproj", "{7036C7BF-C769-4769-AE91-EA0329A8F15C}"
EndProject
Global
	GlobalSection(SolutionConfigurationPlatforms) = preSolution
		Debug|Any CPU = Debug|Any CPU
		Release|Any CPU = Release|Any CPU
	EndGlobalSection
	GlobalSection(ProjectConfigurationPlatforms) = postSolution
		{7036C7BF-C769-4769-AE91-EA0329A8F15C}.Debug|Any CPU.ActiveCfg = Debug|Any CPU
		{7036C7BF-C769-4769-AE91-EA0329A8F15C}.Debug|Any CPU.Build.0 = Debug|Any CPU
		{7036C7BF-C769-4769-AE91-EA0329A8F15C}.Release|Any CPU.ActiveCfg = Release|Any CPU
		{7036C7BF-C769-4769-AE91-EA0329A8F15C}.Release|Any CPU.Build.0 = Release|Any CPU
	EndGlobalSection
	GlobalSection(SolutionProperties) = preSolution
		HideSolutionNode = FALSE
	EndGlobalSection
	GlobalSection(ExtensibilityGlobals) = postSolution
		SolutionGuid = {C4A2C801-8889-4B86-8DB2-92996B3FC816}
	EndGlobalSection
EndGlobal
